
Microsoft Visual Studio Solution File, Format Version 12.00
# Visual Studio Version 17
VisualStudioVersion = 17.14.36203.30 d17.14
MinimumVisualStudioVersion = 10.0.40219.1
Project("{FAE04EC0-301F-11D3-BF4B-00C04F79EFBC}") = "CST-150 Milestone 2", "CST-150 Milestone 2\CST-150 Milestone 2.csproj", "{5DD7249E-7422-4B7A-BC60-B67070559A72}"
EndProject
Global
	GlobalSection(SolutionConfigurationPlatforms) = preSolution
		Debug|Any CPU = Debug|Any CPU
		Release|Any CPU = Release|Any CPU
	EndGlobalSection
	GlobalSection(ProjectConfigurationPlatforms) = postSolution
		{5DD7249E-7422-4B7A-BC60-B67070559A72}.Debug|Any CPU.ActiveCfg = Debug|Any CPU
		{5DD7249E-7422-4B7A-BC60-B67070559A72}.Debug|Any CPU.Build.0 = Debug|Any CPU
		{5DD7249E-7422-4B7A-BC60-B67070559A72}.Release|Any CPU.ActiveCfg = Release|Any CPU
		{5DD7249E-7422-4B7A-BC60-B67070559A72}.Release|Any CPU.Build.0 = Release|Any CPU
	EndGlobalSection
	GlobalSection(SolutionProperties) = preSolution
		HideSolutionNode = FALSE
	EndGlobalSection
	GlobalSection(ExtensibilityGlobals) = postSolution
		SolutionGuid = {4DB9F98C-C8B8-4CF2-9599-CDEC918D0096}
	EndGlobalSection
EndGlobal
